// !$*UTF8*$!
{
	archiveVersion = 1;
	classes = {
	};
	objectVersion = 50;
	objects = {

/* Begin PBXBuildFile section */
		9425D214269BC06900B4205C /* CoinAppApp.swift in Sources */ = {isa = PBXBuildFile; fileRef = 9425D213269BC06900B4205C /* CoinAppApp.swift */; };
		9425D216269BC06900B4205C /* ContentView.swift in Sources */ = {isa = PBXBuildFile; fileRef = 9425D215269BC06900B4205C /* ContentView.swift */; };
		9425D218269BC06A00B4205C /* Assets.xcassets in Resources */ = {isa = PBXBuildFile; fileRef = 9425D217269BC06A00B4205C /* Assets.xcassets */; };
		9425D21B269BC06A00B4205C /* Preview Assets.xcassets in Resources */ = {isa = PBXBuildFile; fileRef = 9425D21A269BC06A00B4205C /* Preview Assets.xcassets */; };
		9425D226269BC06B00B4205C /* CoinAppTests.swift in Sources */ = {isa = PBXBuildFile; fileRef = 9425D225269BC06B00B4205C /* CoinAppTests.swift */; };
		9425D231269BC06B00B4205C /* CoinAppUITests.swift in Sources */ = {isa = PBXBuildFile; fileRef = 9425D230269BC06B00B4205C /* CoinAppUITests.swift */; };
/* End PBXBuildFile section */

/* Begin PBXContainerItemProxy section */
		9425D222269BC06B00B4205C /* PBXContainerItemProxy */ = {
			isa = PBXContainerItemProxy;
			containerPortal = 9425D208269BC06900B4205C /* Project object */;
			proxyType = 1;
			remoteGlobalIDString = 9425D20F269BC06900B4205C;
			remoteInfo = CoinApp;
		};
		9425D22D269BC06B00B4205C /* PBXContainerItemProxy */ = {
			isa = PBXContainerItemProxy;
			containerPortal = 9425D208269BC06900B4205C /* Project object */;
			proxyType = 1;
			remoteGlobalIDString = 9425D20F269BC06900B4205C;
			remoteInfo = CoinApp;
		};
/* End PBXContainerItemProxy section */

/* Begin PBXFileReference section */
		9425D210269BC06900B4205C /* CoinApp.app */ = {isa = PBXFileReference; explicitFileType = wrapper.application; includeInIndex = 0; path = CoinApp.app; sourceTree = BUILT_PRODUCTS_DIR; };
		9425D213269BC06900B4205C /* CoinAppApp.swift */ = {isa = PBXFileReference; lastKnownFileType = sourcecode.swift; path = CoinAppApp.swift; sourceTree = "<group>"; };
		9425D215269BC06900B4205C /* ContentView.swift */ = {isa = PBXFileReference; lastKnownFileType = sourcecode.swift; path = ContentView.swift; sourceTree = "<group>"; };
		9425D217269BC06A00B4205C /* Assets.xcassets */ = {isa = PBXFileReference; lastKnownFileType = folder.assetcatalog; path = Assets.xcassets; sourceTree = "<group>"; };
		9425D21A269BC06A00B4205C /* Preview Assets.xcassets */ = {isa = PBXFileReference; lastKnownFileType = folder.assetcatalog; path = "Preview Assets.xcassets"; sourceTree = "<group>"; };
		9425D21C269BC06A00B4205C /* Info.plist */ = {isa = PBXFileReference; lastKnownFileType = text.plist.xml; path = Info.plist; sourceTree = "<group>"; };
		9425D221269BC06B00B4205C /* CoinAppTests.xctest */ = {isa = PBXFileReference; explicitFileType = wrapper.cfbundle; includeInIndex = 0; path = CoinAppTests.xctest; sourceTree = BUILT_PRODUCTS_DIR; };
		9425D225269BC06B00B4205C /* CoinAppTests.swift */ = {isa = PBXFileReference; lastKnownFileType = sourcecode.swift; path = CoinAppTests.swift; sourceTree = "<group>"; };
		9425D227269BC06B00B4205C /* Info.plist */ = {isa = PBXFileReference; lastKnownFileType = text.plist.xml; path = Info.plist; sourceTree = "<group>"; };
		9425D22C269BC06B00B4205C /* CoinAppUITests.xctest */ = {isa = PBXFileReference; explicitFileType = wrapper.cfbundle; includeInIndex = 0; path = CoinAppUITests.xctest; sourceTree = BUILT_PRODUCTS_DIR; };
		9425D230269BC06B00B4205C /* CoinAppUITests.swift */ = {isa = PBXFileReference; lastKnownFileType = sourcecode.swift; path = CoinAppUITests.swift; sourceTree = "<group>"; };
		9425D232269BC06B00B4205C /* Info.plist */ = {isa = PBXFileReference; lastKnownFileType = text.plist.xml; path = Info.plist; sourceTree = "<group>"; };
/* End PBXFileReference section */

/* Begin PBXFrameworksBuildPhase section */
		9425D20D269BC06900B4205C /* Frameworks */ = {
			isa = PBXFrameworksBuildPhase;
			buildActionMask = 2147483647;
			files = (
			);
			runOnlyForDeploymentPostprocessing = 0;
		};
		9425D21E269BC06B00B4205C /* Frameworks */ = {
			isa = PBXFrameworksBuildPhase;
			buildActionMask = 2147483647;
			files = (
			);
			runOnlyForDeploymentPostprocessing = 0;
		};
		9425D229269BC06B00B4205C /* Frameworks */ = {
			isa = PBXFrameworksBuildPhase;
			buildActionMask = 2147483647;
			files = (
			);
			runOnlyForDeploymentPostprocessing = 0;
		};
/* End PBXFrameworksBuildPhase section */

/* Begin PBXGroup section */
		9425D207269BC06900B4205C = {
			isa = PBXGroup;
			children = (
				9425D212269BC06900B4205C /* CoinApp */,
				9425D224269BC06B00B4205C /* CoinAppTests */,
				9425D22F269BC06B00B4205C /* CoinAppUITests */,
				9425D211269BC06900B4205C /* Products */,
			);
			sourceTree = "<group>";
		};
		9425D211269BC06900B4205C /* Products */ = {
			isa = PBXGroup;
			children = (
				9425D210269BC06900B4205C /* CoinApp.app */,
				9425D221269BC06B00B4205C /* CoinAppTests.xctest */,
				9425D22C269BC06B00B4205C /* CoinAppUITests.xctest */,
			);
			name = Products;
			sourceTree = "<group>";
		};
		9425D212269BC06900B4205C /* CoinApp */ = {
			isa = PBXGroup;
			children = (
				9425D213269BC06900B4205C /* CoinAppApp.swift */,
				9425D215269BC06900B4205C /* ContentView.swift */,
				9425D217269BC06A00B4205C /* Assets.xcassets */,
				9425D21C269BC06A00B4205C /* Info.plist */,
				9425D219269BC06A00B4205C /* Preview Content */,
			);
			path = CoinApp;
			sourceTree = "<group>";
		};
		9425D219269BC06A00B4205C /* Preview Content */ = {
			isa = PBXGroup;
			children = (
				9425D21A269BC06A00B4205C /* Preview Assets.xcassets */,
			);
			path = "Preview Content";
			sourceTree = "<group>";
		};
		9425D224269BC06B00B4205C /* CoinAppTests */ = {
			isa = PBXGroup;
			children = (
				9425D225269BC06B00B4205C /* CoinAppTests.swift */,
				9425D227269BC06B00B4205C /* Info.plist */,
			);
			path = CoinAppTests;
			sourceTree = "<group>";
		};
		9425D22F269BC06B00B4205C /* CoinAppUITests */ = {
			isa = PBXGroup;
			children = (
				9425D230269BC06B00B4205C /* CoinAppUITests.swift */,
				9425D232269BC06B00B4205C /* Info.plist */,
			);
			path = CoinAppUITests;
			sourceTree = "<group>";
		};
/* End PBXGroup section */

/* Begin PBXNativeTarget section */
		9425D20F269BC06900B4205C /* CoinApp */ = {
			isa = PBXNativeTarget;
			buildConfigurationList = 9425D235269BC06B00B4205C /* Build configuration list for PBXNativeTarget "CoinApp" */;
			buildPhases = (
				9425D20C269BC06900B4205C /* Sources */,
				9425D20D269BC06900B4205C /* Frameworks */,
				9425D20E269BC06900B4205C /* Resources */,
			);
			buildRules = (
			);
			dependencies = (
			);
			name = CoinApp;
			productName = CoinApp;
			productReference = 9425D210269BC06900B4205C /* CoinApp.app */;
			productType = "com.apple.product-type.application";
		};
		9425D220269BC06B00B4205C /* CoinAppTests */ = {
			isa = PBXNativeTarget;
			buildConfigurationList = 9425D238269BC06B00B4205C /* Build configuration list for PBXNativeTarget "CoinAppTests" */;
			buildPhases = (
				9425D21D269BC06B00B4205C /* Sources */,
				9425D21E269BC06B00B4205C /* Frameworks */,
				9425D21F269BC06B00B4205C /* Resources */,
			);
			buildRules = (
			);
			dependencies = (
				9425D223269BC06B00B4205C /* PBXTargetDependency */,
			);
			name = CoinAppTests;
			productName = CoinAppTests;
			productReference = 9425D221269BC06B00B4205C /* CoinAppTests.xctest */;
			productType = "com.apple.product-type.bundle.unit-test";
		};
		9425D22B269BC06B00B4205C /* CoinAppUITests */ = {
			isa = PBXNativeTarget;
			buildConfigurationList = 9425D23B269BC06B00B4205C /* Build configuration list for PBXNativeTarget "CoinAppUITests" */;
			buildPhases = (
				9425D228269BC06B00B4205C /* Sources */,
				9425D229269BC06B00B4205C /* Frameworks */,
				9425D22A269BC06B00B4205C /* Resources */,
			);
			buildRules = (
			);
			dependencies = (
				9425D22E269BC06B00B4205C /* PBXTargetDependency */,
			);
			name = CoinAppUITests;
			productName = CoinAppUITests;
			productReference = 9425D22C269BC06B00B4205C /* CoinAppUITests.xctest */;
			productType = "com.apple.product-type.bundle.ui-testing";
		};
/* End PBXNativeTarget section */

/* Begin PBXProject section */
		9425D208269BC06900B4205C /* Project object */ = {
			isa = PBXProject;
			attributes = {
				LastSwiftUpdateCheck = 1250;
				LastUpgradeCheck = 1250;
				TargetAttributes = {
					9425D20F269BC06900B4205C = {
						CreatedOnToolsVersion = 12.5;
					};
					9425D220269BC06B00B4205C = {
						CreatedOnToolsVersion = 12.5;
						TestTargetID = 9425D20F269BC06900B4205C;
					};
					9425D22B269BC06B00B4205C = {
						CreatedOnToolsVersion = 12.5;
						TestTargetID = 9425D20F269BC06900B4205C;
					};
				};
			};
			buildConfigurationList = 9425D20B269BC06900B4205C /* Build configuration list for PBXProject "CoinApp" */;
			compatibilityVersion = "Xcode 9.3";
			developmentRegion = en;
			hasScannedForEncodings = 0;
			knownRegions = (
				en,
				Base,
			);
			mainGroup = 9425D207269BC06900B4205C;
			productRefGroup = 9425D211269BC06900B4205C /* Products */;
			projectDirPath = "";
			projectRoot = "";
			targets = (
				9425D20F269BC06900B4205C /* CoinApp */,
				9425D220269BC06B00B4205C /* CoinAppTests */,
				9425D22B269BC06B00B4205C /* CoinAppUITests */,
			);
		};
/* End PBXProject section */

/* Begin PBXResourcesBuildPhase section */
		9425D20E269BC06900B4205C /* Resources */ = {
			isa = PBXResourcesBuildPhase;
			buildActionMask = 2147483647;
			files = (
				9425D21B269BC06A00B4205C /* Preview Assets.xcassets in Resources */,
				9425D218269BC06A00B4205C /* Assets.xcassets in Resources */,
			);
			runOnlyForDeploymentPostprocessing = 0;
		};
		9425D21F269BC06B00B4205C /* Resources */ = {
			isa = PBXResourcesBuildPhase;
			buildActionMask = 2147483647;
			files = (
			);
			runOnlyForDeploymentPostprocessing = 0;
		};
		9425D22A269BC06B00B4205C /* Resources */ = {
			isa = PBXResourcesBuildPhase;
			buildActionMask = 2147483647;
			files = (
			);
			runOnlyForDeploymentPostprocessing = 0;
		};
/* End PBXResourcesBuildPhase section */

/* Begin PBXSourcesBuildPhase section */
		9425D20C269BC06900B4205C /* Sources */ = {
			isa = PBXSourcesBuildPhase;
			buildActionMask = 2147483647;
			files = (
				9425D216269BC06900B4205C /* ContentView.swift in Sources */,
				9425D214269BC06900B4205C /* CoinAppApp.swift in Sources */,
			);
			runOnlyForDeploymentPostprocessing = 0;
		};
		9425D21D269BC06B00B4205C /* Sources */ = {
			isa = PBXSourcesBuildPhase;
			buildActionMask = 2147483647;
			files = (
				9425D226269BC06B00B4205C /* CoinAppTests.swift in Sources */,
			);
			runOnlyForDeploymentPostprocessing = 0;
		};
		9425D228269BC06B00B4205C /* Sources */ = {
			isa = PBXSourcesBuildPhase;
			buildActionMask = 2147483647;
			files = (
				9425D231269BC06B00B4205C /* CoinAppUITests.swift in Sources */,
			);
			runOnlyForDeploymentPostprocessing = 0;
		};
/* End PBXSourcesBuildPhase section */

/* Begin PBXTargetDependency section */
		9425D223269BC06B00B4205C /* PBXTargetDependency */ = {
			isa = PBXTargetDependency;
			target = 9425D20F269BC06900B4205C /* CoinApp */;
			targetProxy = 9425D222269BC06B00B4205C /* PBXContainerItemProxy */;
		};
		9425D22E269BC06B00B4205C /* PBXTargetDependency */ = {
			isa = PBXTargetDependency;
			target = 9425D20F269BC06900B4205C /* CoinApp */;
			targetProxy = 9425D22D269BC06B00B4205C /* PBXContainerItemProxy */;
		};
/* End PBXTargetDependency section */

/* Begin XCBuildConfiguration section */
		9425D233269BC06B00B4205C /* Debug */ = {
			isa = XCBuildConfiguration;
			buildSettings = {
				ALWAYS_SEARCH_USER_PATHS = NO;
				CLANG_ANALYZER_NONNULL = YES;
				CLANG_ANALYZER_NUMBER_OBJECT_CONVERSION = YES_AGGRESSIVE;
				CLANG_CXX_LANGUAGE_STANDARD = "gnu++14";
				CLANG_CXX_LIBRARY = "libc++";
				CLANG_ENABLE_MODULES = YES;
				CLANG_ENABLE_OBJC_ARC = YES;
				CLANG_ENABLE_OBJC_WEAK = YES;
				CLANG_WARN_BLOCK_CAPTURE_AUTORELEASING = YES;
				CLANG_WARN_BOOL_CONVERSION = YES;
				CLANG_WARN_COMMA = YES;
				CLANG_WARN_CONSTANT_CONVERSION = YES;
				CLANG_WARN_DEPRECATED_OBJC_IMPLEMENTATIONS = YES;
				CLANG_WARN_DIRECT_OBJC_ISA_USAGE = YES_ERROR;
				CLANG_WARN_DOCUMENTATION_COMMENTS = YES;
				CLANG_WARN_EMPTY_BODY = YES;
				CLANG_WARN_ENUM_CONVERSION = YES;
				CLANG_WARN_INFINITE_RECURSION = YES;
				CLANG_WARN_INT_CONVERSION = YES;
				CLANG_WARN_NON_LITERAL_NULL_CONVERSION = YES;
				CLANG_WARN_OBJC_IMPLICIT_RETAIN_SELF = YES;
				CLANG_WARN_OBJC_LITERAL_CONVERSION = YES;
				CLANG_WARN_OBJC_ROOT_CLASS = YES_ERROR;
				CLANG_WARN_QUOTED_INCLUDE_IN_FRAMEWORK_HEADER = YES;
				CLANG_WARN_RANGE_LOOP_ANALYSIS = YES;
				CLANG_WARN_STRICT_PROTOTYPES = YES;
				CLANG_WARN_SUSPICIOUS_MOVE = YES;
				CLANG_WARN_UNGUARDED_AVAILABILITY = YES_AGGRESSIVE;
				CLANG_WARN_UNREACHABLE_CODE = YES;
				CLANG_WARN__DUPLICATE_METHOD_MATCH = YES;
				COPY_PHASE_STRIP = NO;
				DEBUG_INFORMATION_FORMAT = dwarf;
				ENABLE_STRICT_OBJC_MSGSEND = YES;
				ENABLE_TESTABILITY = YES;
				GCC_C_LANGUAGE_STANDARD = gnu11;
				GCC_DYNAMIC_NO_PIC = NO;
				GCC_NO_COMMON_BLOCKS = YES;
				GCC_OPTIMIZATION_LEVEL = 0;
				GCC_PREPROCESSOR_DEFINITIONS = (
					"DEBUG=1",
					"$(inherited)",
				);
				GCC_WARN_64_TO_32_BIT_CONVERSION = YES;
				GCC_WARN_ABOUT_RETURN_TYPE = YES_ERROR;
				GCC_WARN_UNDECLARED_SELECTOR = YES;
				GCC_WARN_UNINITIALIZED_AUTOS = YES_AGGRESSIVE;
				GCC_WARN_UNUSED_FUNCTION = YES;
				GCC_WARN_UNUSED_VARIABLE = YES;
				IPHONEOS_DEPLOYMENT_TARGET = 14.5;
				MTL_ENABLE_DEBUG_INFO = INCLUDE_SOURCE;
				MTL_FAST_MATH = YES;
				ONLY_ACTIVE_ARCH = YES;
				SDKROOT = iphoneos;
				SWIFT_ACTIVE_COMPILATION_CONDITIONS = DEBUG;
				SWIFT_OPTIMIZATION_LEVEL = "-Onone";
			};
			name = Debug;
		};
		9425D234269BC06B00B4205C /* Release */ = {
			isa = XCBuildConfiguration;
			buildSettings = {
				ALWAYS_SEARCH_USER_PATHS = NO;
				CLANG_ANALYZER_NONNULL = YES;
				CLANG_ANALYZER_NUMBER_OBJECT_CONVERSION = YES_AGGRESSIVE;
				CLANG_CXX_LANGUAGE_STANDARD = "gnu++14";
				CLANG_CXX_LIBRARY = "libc++";
				CLANG_ENABLE_MODULES = YES;
				CLANG_ENABLE_OBJC_ARC = YES;
				CLANG_ENABLE_OBJC_WEAK = YES;
				CLANG_WARN_BLOCK_CAPTURE_AUTORELEASING = YES;
				CLANG_WARN_BOOL_CONVERSION = YES;
				CLANG_WARN_COMMA = YES;
				CLANG_WARN_CONSTANT_CONVERSION = YES;
				CLANG_WARN_DEPRECATED_OBJC_IMPLEMENTATIONS = YES;
				CLANG_WARN_DIRECT_OBJC_ISA_USAGE = YES_ERROR;
				CLANG_WARN_DOCUMENTATION_COMMENTS = YES;
				CLANG_WARN_EMPTY_BODY = YES;
				CLANG_WARN_ENUM_CONVERSION = YES;
				CLANG_WARN_INFINITE_RECURSION = YES;
				CLANG_WARN_INT_CONVERSION = YES;
				CLANG_WARN_NON_LITERAL_NULL_CONVERSION = YES;
				CLANG_WARN_OBJC_IMPLICIT_RETAIN_SELF = YES;
				CLANG_WARN_OBJC_LITERAL_CONVERSION = YES;
				CLANG_WARN_OBJC_ROOT_CLASS = YES_ERROR;
				CLANG_WARN_QUOTED_INCLUDE_IN_FRAMEWORK_HEADER = YES;
				CLANG_WARN_RANGE_LOOP_ANALYSIS = YES;
				CLANG_WARN_STRICT_PROTOTYPES = YES;
				CLANG_WARN_SUSPICIOUS_MOVE = YES;
				CLANG_WARN_UNGUARDED_AVAILABILITY = YES_AGGRESSIVE;
				CLANG_WARN_UNREACHABLE_CODE = YES;
				CLANG_WARN__DUPLICATE_METHOD_MATCH = YES;
				COPY_PHASE_STRIP = NO;
				DEBUG_INFORMATION_FORMAT = "dwarf-with-dsym";
				ENABLE_NS_ASSERTIONS = NO;
				ENABLE_STRICT_OBJC_MSGSEND = YES;
				GCC_C_LANGUAGE_STANDARD = gnu11;
				GCC_NO_COMMON_BLOCKS = YES;
				GCC_WARN_64_TO_32_BIT_CONVERSION = YES;
				GCC_WARN_ABOUT_RETURN_TYPE = YES_ERROR;
				GCC_WARN_UNDECLARED_SELECTOR = YES;
				GCC_WARN_UNINITIALIZED_AUTOS = YES_AGGRESSIVE;
				GCC_WARN_UNUSED_FUNCTION = YES;
				GCC_WARN_UNUSED_VARIABLE = YES;
				IPHONEOS_DEPLOYMENT_TARGET = 14.5;
				MTL_ENABLE_DEBUG_INFO = NO;
				MTL_FAST_MATH = YES;
				SDKROOT = iphoneos;
				SWIFT_COMPILATION_MODE = wholemodule;
				SWIFT_OPTIMIZATION_LEVEL = "-O";
				VALIDATE_PRODUCT = YES;
			};
			name = Release;
		};
		9425D236269BC06B00B4205C /* Debug */ = {
			isa = XCBuildConfiguration;
			buildSettings = {
				ASSETCATALOG_COMPILER_APPICON_NAME = AppIcon;
				ASSETCATALOG_COMPILER_GLOBAL_ACCENT_COLOR_NAME = AccentColor;
				CODE_SIGN_STYLE = Automatic;
				DEVELOPMENT_ASSET_PATHS = "\"CoinApp/Preview Content\"";
				ENABLE_PREVIEWS = YES;
				INFOPLIST_FILE = CoinApp/Info.plist;
				IPHONEOS_DEPLOYMENT_TARGET = 14.0;
				LD_RUNPATH_SEARCH_PATHS = (
					"$(inherited)",
					"@executable_path/Frameworks",
				);
				PRODUCT_BUNDLE_IDENTIFIER = Longshirestonberry.CoinApp;
				PRODUCT_NAME = "$(TARGET_NAME)";
				SWIFT_VERSION = 5.0;
				TARGETED_DEVICE_FAMILY = "1,2";
			};
			name = Debug;
		};
		9425D237269BC06B00B4205C /* Release */ = {
			isa = XCBuildConfiguration;
			buildSettings = {
				ASSETCATALOG_COMPILER_APPICON_NAME = AppIcon;
				ASSETCATALOG_COMPILER_GLOBAL_ACCENT_COLOR_NAME = AccentColor;
				CODE_SIGN_STYLE = Automatic;
				DEVELOPMENT_ASSET_PATHS = "\"CoinApp/Preview Content\"";
				ENABLE_PREVIEWS = YES;
				INFOPLIST_FILE = CoinApp/Info.plist;
				IPHONEOS_DEPLOYMENT_TARGET = 14.0;
				LD_RUNPATH_SEARCH_PATHS = (
					"$(inherited)",
					"@executable_path/Frameworks",
				);
				PRODUCT_BUNDLE_IDENTIFIER = Longshirestonberry.CoinApp;
				PRODUCT_NAME = "$(TARGET_NAME)";
				SWIFT_VERSION = 5.0;
				TARGETED_DEVICE_FAMILY = "1,2";
			};
			name = Release;
		};
		9425D239269BC06B00B4205C /* Debug */ = {
			isa = XCBuildConfiguration;
			buildSettings = {
				ALWAYS_EMBED_SWIFT_STANDARD_LIBRARIES = YES;
				BUNDLE_LOADER = "$(TEST_HOST)";
				CODE_SIGN_STYLE = Automatic;
				INFOPLIST_FILE = CoinAppTests/Info.plist;
				IPHONEOS_DEPLOYMENT_TARGET = 14.0;
				LD_RUNPATH_SEARCH_PATHS = (
					"$(inherited)",
					"@executable_path/Frameworks",
					"@loader_path/Frameworks",
				);
				PRODUCT_BUNDLE_IDENTIFIER = Longshirestonberry.CoinAppTests;
				PRODUCT_NAME = "$(TARGET_NAME)";
				SWIFT_VERSION = 5.0;
				TARGETED_DEVICE_FAMILY = "1,2";
				TEST_HOST = "$(BUILT_PRODUCTS_DIR)/CoinApp.app/CoinApp";
			};
			name = Debug;
		};
		9425D23A269BC06B00B4205C /* Release */ = {
			isa = XCBuildConfiguration;
			buildSettings = {
				ALWAYS_EMBED_SWIFT_STANDARD_LIBRARIES = YES;
				BUNDLE_LOADER = "$(TEST_HOST)";
				CODE_SIGN_STYLE = Automatic;
				INFOPLIST_FILE = CoinAppTests/Info.plist;
				IPHONEOS_DEPLOYMENT_TARGET = 14.0;
				LD_RUNPATH_SEARCH_PATHS = (
					"$(inherited)",
					"@executable_path/Frameworks",
					"@loader_path/Frameworks",
				);
				PRODUCT_BUNDLE_IDENTIFIER = Longshirestonberry.CoinAppTests;
				PRODUCT_NAME = "$(TARGET_NAME)";
				SWIFT_VERSION = 5.0;
				TARGETED_DEVICE_FAMILY = "1,2";
				TEST_HOST = "$(BUILT_PRODUCTS_DIR)/CoinApp.app/CoinApp";
			};
			name = Release;
		};
		9425D23C269BC06B00B4205C /* Debug */ = {
			isa = XCBuildConfiguration;
			buildSettings = {
				ALWAYS_EMBED_SWIFT_STANDARD_LIBRARIES = YES;
				CODE_SIGN_STYLE = Automatic;
				INFOPLIST_FILE = CoinAppUITests/Info.plist;
				LD_RUNPATH_SEARCH_PATHS = (
					"$(inherited)",
					"@executable_path/Frameworks",
					"@loader_path/Frameworks",
				);
				PRODUCT_BUNDLE_IDENTIFIER = Longshirestonberry.CoinAppUITests;
				PRODUCT_NAME = "$(TARGET_NAME)";
				SWIFT_VERSION = 5.0;
				TARGETED_DEVICE_FAMILY = "1,2";
				TEST_TARGET_NAME = CoinApp;
			};
			name = Debug;
		};
		9425D23D269BC06B00B4205C /* Release */ = {
			isa = XCBuildConfiguration;
			buildSettings = {
				ALWAYS_EMBED_SWIFT_STANDARD_LIBRARIES = YES;
				CODE_SIGN_STYLE = Automatic;
				INFOPLIST_FILE = CoinAppUITests/Info.plist;
				LD_RUNPATH_SEARCH_PATHS = (
					"$(inherited)",
					"@executable_path/Frameworks",
					"@loader_path/Frameworks",
				);
				PRODUCT_BUNDLE_IDENTIFIER = Longshirestonberry.CoinAppUITests;
				PRODUCT_NAME = "$(TARGET_NAME)";
				SWIFT_VERSION = 5.0;
				TARGETED_DEVICE_FAMILY = "1,2";
				TEST_TARGET_NAME = CoinApp;
			};
			name = Release;
		};
/* End XCBuildConfiguration section */

/* Begin XCConfigurationList section */
		9425D20B269BC06900B4205C /* Build configuration list for PBXProject "CoinApp" */ = {
			isa = XCConfigurationList;
			buildConfigurations = (
				9425D233269BC06B00B4205C /* Debug */,
				9425D234269BC06B00B4205C /* Release */,
			);
			defaultConfigurationIsVisible = 0;
			defaultConfigurationName = Release;
		};
		9425D235269BC06B00B4205C /* Build configuration list for PBXNativeTarget "CoinApp" */ = {
			isa = XCConfigurationList;
			buildConfigurations = (
				9425D236269BC06B00B4205C /* Debug */,
				9425D237269BC06B00B4205C /* Release */,
			);
			defaultConfigurationIsVisible = 0;
			defaultConfigurationName = Release;
		};
		9425D238269BC06B00B4205C /* Build configuration list for PBXNativeTarget "CoinAppTests" */ = {
			isa = XCConfigurationList;
			buildConfigurations = (
				9425D239269BC06B00B4205C /* Debug */,
				9425D23A269BC06B00B4205C /* Release */,
			);
			defaultConfigurationIsVisible = 0;
			defaultConfigurationName = Release;
		};
		9425D23B269BC06B00B4205C /* Build configuration list for PBXNativeTarget "CoinAppUITests" */ = {
			isa = XCConfigurationList;
			buildConfigurations = (
				9425D23C269BC06B00B4205C /* Debug */,
				9425D23D269BC06B00B4205C /* Release */,
			);
			defaultConfigurationIsVisible = 0;
			defaultConfigurationName = Release;
		};
/* End XCConfigurationList section */
	};
	rootObject = 9425D208269BC06900B4205C /* Project object */;
}
